
Microsoft Visual Studio Solution File, Format Version 10.00
# Visual Studio 2008
Project("{FAE04EC0-301F-11D3-BF4B-00C04F79EFBC}") = "Stinky.Compiler", "Stinky.Compiler\Stinky.Compiler.csproj", "{FE8EFD96-A98A-4E8A-B232-AAC4C912361A}"
EndProject
Project("{FAE04EC0-301F-11D3-BF4B-00C04F79EFBC}") = "Stinky.Compiler.Tests", "Stinky.Compiler.Tests\Stinky.Compiler.Tests.csproj", "{9E1A3CD8-539F-45E0-8CB5-06E07E677543}"
EndProject
Project("{FAE04EC0-301F-11D3-BF4B-00C04F79EFBC}") = "Smell", "Smell\Smell.csproj", "{C8D99AB0-4BB6-4EB1-A9D9-993720859554}"
EndProject
Project("{FAE04EC0-301F-11D3-BF4B-00C04F79EFBC}") = "MonoDevelop.Stinky", "MonoDevelop.Stinky\MonoDevelop.Stinky.csproj", "{EF17D998-DCCC-4CB8-B053-A11CD3D00027}"
EndProject
Project("{FAE04EC0-301F-11D3-BF4B-00C04F79EFBC}") = "Stinky.Compiler.Gtk", "Stinky.Compiler.Gtk\Stinky.Compiler.Gtk.csproj", "{8DCCEEBE-CED3-49D6-8EA0-B64A21C3315E}"
EndProject
Project("{FAE04EC0-301F-11D3-BF4B-00C04F79EFBC}") = "Stink", "Stink\Stink.csproj", "{EC27EDB2-CF45-4F7B-B233-53326FB939D9}"
EndProject
Global
	GlobalSection(SolutionConfigurationPlatforms) = preSolution
		Debug|Any CPU = Debug|Any CPU
		Release|Any CPU = Release|Any CPU
		Default|Any CPU = Default|Any CPU
	EndGlobalSection
	GlobalSection(ProjectConfigurationPlatforms) = postSolution
		{8DCCEEBE-CED3-49D6-8EA0-B64A21C3315E}.Debug|Any CPU.ActiveCfg = Debug|Any CPU
		{8DCCEEBE-CED3-49D6-8EA0-B64A21C3315E}.Debug|Any CPU.Build.0 = Debug|Any CPU
		{8DCCEEBE-CED3-49D6-8EA0-B64A21C3315E}.Default|Any CPU.ActiveCfg = Debug|Any CPU
		{8DCCEEBE-CED3-49D6-8EA0-B64A21C3315E}.Default|Any CPU.Build.0 = Debug|Any CPU
		{8DCCEEBE-CED3-49D6-8EA0-B64A21C3315E}.Release|Any CPU.ActiveCfg = Release|Any CPU
		{8DCCEEBE-CED3-49D6-8EA0-B64A21C3315E}.Release|Any CPU.Build.0 = Release|Any CPU
		{9E1A3CD8-539F-45E0-8CB5-06E07E677543}.Debug|Any CPU.ActiveCfg = Debug|Any CPU
		{9E1A3CD8-539F-45E0-8CB5-06E07E677543}.Debug|Any CPU.Build.0 = Debug|Any CPU
		{9E1A3CD8-539F-45E0-8CB5-06E07E677543}.Default|Any CPU.ActiveCfg = Debug|Any CPU
		{9E1A3CD8-539F-45E0-8CB5-06E07E677543}.Default|Any CPU.Build.0 = Debug|Any CPU
		{9E1A3CD8-539F-45E0-8CB5-06E07E677543}.Release|Any CPU.ActiveCfg = Release|Any CPU
		{9E1A3CD8-539F-45E0-8CB5-06E07E677543}.Release|Any CPU.Build.0 = Release|Any CPU
		{C8D99AB0-4BB6-4EB1-A9D9-993720859554}.Debug|Any CPU.ActiveCfg = Debug|Any CPU
		{C8D99AB0-4BB6-4EB1-A9D9-993720859554}.Debug|Any CPU.Build.0 = Debug|Any CPU
		{C8D99AB0-4BB6-4EB1-A9D9-993720859554}.Default|Any CPU.ActiveCfg = Debug|Any CPU
		{C8D99AB0-4BB6-4EB1-A9D9-993720859554}.Default|Any CPU.Build.0 = Debug|Any CPU
		{C8D99AB0-4BB6-4EB1-A9D9-993720859554}.Release|Any CPU.ActiveCfg = Release|Any CPU
		{C8D99AB0-4BB6-4EB1-A9D9-993720859554}.Release|Any CPU.Build.0 = Release|Any CPU
		{EC27EDB2-CF45-4F7B-B233-53326FB939D9}.Debug|Any CPU.ActiveCfg = Debug|Any CPU
		{EC27EDB2-CF45-4F7B-B233-53326FB939D9}.Debug|Any CPU.Build.0 = Debug|Any CPU
		{EC27EDB2-CF45-4F7B-B233-53326FB939D9}.Default|Any CPU.ActiveCfg = Debug|Any CPU
		{EC27EDB2-CF45-4F7B-B233-53326FB939D9}.Default|Any CPU.Build.0 = Debug|Any CPU
		{EC27EDB2-CF45-4F7B-B233-53326FB939D9}.Release|Any CPU.ActiveCfg = Release|Any CPU
		{EC27EDB2-CF45-4F7B-B233-53326FB939D9}.Release|Any CPU.Build.0 = Release|Any CPU
		{EF17D998-DCCC-4CB8-B053-A11CD3D00027}.Debug|Any CPU.ActiveCfg = Debug|Any CPU
		{EF17D998-DCCC-4CB8-B053-A11CD3D00027}.Default|Any CPU.ActiveCfg = Debug|Any CPU
		{EF17D998-DCCC-4CB8-B053-A11CD3D00027}.Default|Any CPU.Build.0 = Debug|Any CPU
		{EF17D998-DCCC-4CB8-B053-A11CD3D00027}.Release|Any CPU.ActiveCfg = Release|Any CPU
		{EF17D998-DCCC-4CB8-B053-A11CD3D00027}.Release|Any CPU.Build.0 = Release|Any CPU
		{FE8EFD96-A98A-4E8A-B232-AAC4C912361A}.Debug|Any CPU.ActiveCfg = Debug|Any CPU
		{FE8EFD96-A98A-4E8A-B232-AAC4C912361A}.Debug|Any CPU.Build.0 = Debug|Any CPU
		{FE8EFD96-A98A-4E8A-B232-AAC4C912361A}.Release|Any CPU.ActiveCfg = Release|Any CPU
		{FE8EFD96-A98A-4E8A-B232-AAC4C912361A}.Release|Any CPU.Build.0 = Release|Any CPU
	EndGlobalSection
	GlobalSection(MonoDevelopProperties) = preSolution
		StartupItem = Smell\Smell.csproj
		Policies = $0
		$0.DotNetNamingPolicy = $1
		$1.DirectoryNamespaceAssociation = Flat
		$1.ResourceNamePolicy = FileFormatDefault
		$0.TextStylePolicy = $2
		$2.inheritsSet = null
		$2.scope = text/x-csharp
		$0.CSharpFormattingPolicy = $3
		$3.BeforeMethodCallParentheses = False
		$3.BeforeMethodDeclarationParentheses = False
		$3.BeforeConstructorDeclarationParentheses = False
		$3.BeforeDelegateDeclarationParentheses = False
		$3.NewParentheses = False
		$3.IfParentheses = False
		$3.WhileParentheses = False
		$3.ForParentheses = False
		$3.ForeachParentheses = False
		$3.CatchParentheses = False
		$3.SwitchParentheses = False
		$3.LockParentheses = False
		$3.UsingParentheses = False
		$3.inheritsSet = Mono
		$3.inheritsScope = text/x-csharp
		$3.scope = text/x-csharp
		$0.StandardHeader = $4
		$4.inheritsSet = MITX11License
		$0.VersionControlPolicy = $5
		$5.inheritsSet = Mono
		$0.ChangeLogPolicy = $6
		$6.UpdateMode = None
		$6.MessageStyle = $7
		$7.LineAlign = 0
		$6.inheritsSet = Mono
		$0.TextStylePolicy = $8
		$8.FileWidth = 120
		$8.TabWidth = 4
		$8.RemoveTrailingWhitespace = True
		$8.inheritsSet = Mono
		$8.inheritsScope = text/plain
		$8.scope = text/plain
	EndGlobalSection
EndGlobal
